
Microsoft Visual Studio Solution File, Format Version 12.00
# Visual Studio Version 16
VisualStudioVersion = 16.0.30413.136
MinimumVisualStudioVersion = 10.0.40219.1
Project("{FAE04EC0-301F-11D3-BF4B-00C04F79EFBC}") = "OxyLauncher", "OxyLauncher\OxyLauncher.csproj", "{70E57621-0BD6-472D-B876-73D98AF37BEC}"
EndProject
Global
	GlobalSection(SolutionConfigurationPlatforms) = preSolution
		Debug|Any CPU = Debug|Any CPU
		Release|Any CPU = Release|Any CPU
	EndGlobalSection
	GlobalSection(ProjectConfigurationPlatforms) = postSolution
		{70E57621-0BD6-472D-B876-73D98AF37BEC}.Debug|Any CPU.ActiveCfg = Debug|Any CPU
		{70E57621-0BD6-472D-B876-73D98AF37BEC}.Debug|Any CPU.Build.0 = Debug|Any CPU
		{70E57621-0BD6-472D-B876-73D98AF37BEC}.Release|Any CPU.ActiveCfg = Release|Any CPU
		{70E57621-0BD6-472D-B876-73D98AF37BEC}.Release|Any CPU.Build.0 = Release|Any CPU
	EndGlobalSection
	GlobalSection(SolutionProperties) = preSolution
		HideSolutionNode = FALSE
	EndGlobalSection
	GlobalSection(ExtensibilityGlobals) = postSolution
		SolutionGuid = {469FFE79-B78C-49F3-872D-CBB419D3C8AF}
	EndGlobalSection
EndGlobal
